
Microsoft Visual Studio Solution File, Format Version 12.00
# Visual Studio Version 17
VisualStudioVersion = 17.4.33213.308
MinimumVisualStudioVersion = 10.0.40219.1
Project("{9A19103F-16F7-4668-BE54-9A1E7A4F7556}") = "MultiGit2", "MultiGit2.csproj", "{DA5285B5-1F6D-49D4-944E-107AD3CA862A}"
EndProject
Global
	GlobalSection(SolutionConfigurationPlatforms) = preSolution
		Debug|Any CPU = Debug|Any CPU
		Release|Any CPU = Release|Any CPU
	EndGlobalSection
	GlobalSection(ProjectConfigurationPlatforms) = postSolution
		{DA5285B5-1F6D-49D4-944E-107AD3CA862A}.Debug|Any CPU.ActiveCfg = Debug|Any CPU
		{DA5285B5-1F6D-49D4-944E-107AD3CA862A}.Debug|Any CPU.Build.0 = Debug|Any CPU
		{DA5285B5-1F6D-49D4-944E-107AD3CA862A}.Release|Any CPU.ActiveCfg = Release|Any CPU
		{DA5285B5-1F6D-49D4-944E-107AD3CA862A}.Release|Any CPU.Build.0 = Release|Any CPU
	EndGlobalSection
	GlobalSection(SolutionProperties) = preSolution
		HideSolutionNode = FALSE
	EndGlobalSection
	GlobalSection(ExtensibilityGlobals) = postSolution
		SolutionGuid = {64037210-C0AB-42B7-AB9D-6ACB3D613289}
	EndGlobalSection
EndGlobal
